
Microsoft Visual Studio Solution File, Format Version 12.00
# Visual Studio Version 16
VisualStudioVersion = 16.0.28315.86
MinimumVisualStudioVersion = 10.0.40219.1
Project("{2150E333-8FDC-42A3-9474-1A3956D46DE8}") = "Engine", "Engine", "{94A6C6F3-99B3-346E-9557-ABF9D4064DBD}"
EndProject
Project("{2150E333-8FDC-42A3-9474-1A3956D46DE8}") = "Games", "Games", "{8E2F6A87-1826-34F4-940C-CC23A48F9FE4}"
EndProject
Project("{8BC9CEB8-8B4A-11D0-8D11-00A0C91BC942}") = "TestUI", "Intermediate\ProjectFiles\TestUI.vcxproj", "{0C88C2CD-CE58-411E-9D9D-F751C99D4ED1}"
EndProject
Project("{8BC9CEB8-8B4A-11D0-8D11-00A0C91BC942}") = "UE4", "Intermediate\ProjectFiles\UE4.vcxproj", "{5A5A95A9-B6C3-4295-92B4-08C02A28D581}"
EndProject
Project("{2150E333-8FDC-42A3-9474-1A3956D46DE8}") = "Visualizers", "Visualizers", "{1CCEC849-CC72-4C59-8C36-2F7C38706D4C}"
	ProjectSection(SolutionItems) = preProject
		..\..\Office_EPIC\UE_4.27\Engine\Extras\VisualStudioDebugging\UE4.natvis = ..\..\Office_EPIC\UE_4.27\Engine\Extras\VisualStudioDebugging\UE4.natvis
	EndProjectSection
EndProject
Global
	GlobalSection(SolutionConfigurationPlatforms) = preSolution
		DebugGame Editor|Android = DebugGame Editor|Android
		DebugGame Editor|Linux = DebugGame Editor|Linux
		DebugGame Editor|LinuxAArch64 = DebugGame Editor|LinuxAArch64
		DebugGame Editor|Win32 = DebugGame Editor|Win32
		DebugGame Editor|Win64 = DebugGame Editor|Win64
		DebugGame|Android = DebugGame|Android
		DebugGame|Linux = DebugGame|Linux
		DebugGame|LinuxAArch64 = DebugGame|LinuxAArch64
		DebugGame|Win32 = DebugGame|Win32
		DebugGame|Win64 = DebugGame|Win64
		Development Editor|Android = Development Editor|Android
		Development Editor|Linux = Development Editor|Linux
		Development Editor|LinuxAArch64 = Development Editor|LinuxAArch64
		Development Editor|Win32 = Development Editor|Win32
		Development Editor|Win64 = Development Editor|Win64
		Development|Android = Development|Android
		Development|Linux = Development|Linux
		Development|LinuxAArch64 = Development|LinuxAArch64
		Development|Win32 = Development|Win32
		Development|Win64 = Development|Win64
		Shipping|Android = Shipping|Android
		Shipping|Linux = Shipping|Linux
		Shipping|LinuxAArch64 = Shipping|LinuxAArch64
		Shipping|Win32 = Shipping|Win32
		Shipping|Win64 = Shipping|Win64
	EndGlobalSection
	# Visual Assist Section
	GlobalSection(44630d46-96b5-488c-8df926e21db8c1a3) = preSolution
		ueSolution=true
	EndGlobalSection
	GlobalSection(ProjectConfigurationPlatforms) = postSolution
		{0C88C2CD-CE58-411E-9D9D-F751C99D4ED1}.DebugGame Editor|Android.ActiveCfg = Invalid|Win32
		{0C88C2CD-CE58-411E-9D9D-F751C99D4ED1}.DebugGame Editor|Linux.ActiveCfg = Linux_DebugGame_Editor|Win32
		{0C88C2CD-CE58-411E-9D9D-F751C99D4ED1}.DebugGame Editor|Linux.Build.0 = Linux_DebugGame_Editor|Win32
		{0C88C2CD-CE58-411E-9D9D-F751C99D4ED1}.DebugGame Editor|LinuxAArch64.ActiveCfg = Invalid|Win32
		{0C88C2CD-CE58-411E-9D9D-F751C99D4ED1}.DebugGame Editor|Win32.ActiveCfg = Invalid|Win32
		{0C88C2CD-CE58-411E-9D9D-F751C99D4ED1}.DebugGame Editor|Win64.ActiveCfg = DebugGame_Editor|x64
		{0C88C2CD-CE58-411E-9D9D-F751C99D4ED1}.DebugGame Editor|Win64.Build.0 = DebugGame_Editor|x64
		{0C88C2CD-CE58-411E-9D9D-F751C99D4ED1}.DebugGame|Android.ActiveCfg = Android_DebugGame|Win32
		{0C88C2CD-CE58-411E-9D9D-F751C99D4ED1}.DebugGame|Android.Build.0 = Android_DebugGame|Win32
		{0C88C2CD-CE58-411E-9D9D-F751C99D4ED1}.DebugGame|Linux.ActiveCfg = Linux_DebugGame|Win32
		{0C88C2CD-CE58-411E-9D9D-F751C99D4ED1}.DebugGame|Linux.Build.0 = Linux_DebugGame|Win32
		{0C88C2CD-CE58-411E-9D9D-F751C99D4ED1}.DebugGame|LinuxAArch64.ActiveCfg = LinuxAArch64_DebugGame|Win32
		{0C88C2CD-CE58-411E-9D9D-F751C99D4ED1}.DebugGame|LinuxAArch64.Build.0 = LinuxAArch64_DebugGame|Win32
		{0C88C2CD-CE58-411E-9D9D-F751C99D4ED1}.DebugGame|Win32.ActiveCfg = DebugGame|Win32
		{0C88C2CD-CE58-411E-9D9D-F751C99D4ED1}.DebugGame|Win32.Build.0 = DebugGame|Win32
		{0C88C2CD-CE58-411E-9D9D-F751C99D4ED1}.DebugGame|Win64.ActiveCfg = DebugGame|x64
		{0C88C2CD-CE58-411E-9D9D-F751C99D4ED1}.DebugGame|Win64.Build.0 = DebugGame|x64
		{0C88C2CD-CE58-411E-9D9D-F751C99D4ED1}.Development Editor|Android.ActiveCfg = Invalid|Win32
		{0C88C2CD-CE58-411E-9D9D-F751C99D4ED1}.Development Editor|Linux.ActiveCfg = Linux_Development_Editor|Win32
		{0C88C2CD-CE58-411E-9D9D-F751C99D4ED1}.Development Editor|Linux.Build.0 = Linux_Development_Editor|Win32
		{0C88C2CD-CE58-411E-9D9D-F751C99D4ED1}.Development Editor|LinuxAArch64.ActiveCfg = Invalid|Win32
		{0C88C2CD-CE58-411E-9D9D-F751C99D4ED1}.Development Editor|Win32.ActiveCfg = Invalid|Win32
		{0C88C2CD-CE58-411E-9D9D-F751C99D4ED1}.Development Editor|Win64.ActiveCfg = Development_Editor|x64
		{0C88C2CD-CE58-411E-9D9D-F751C99D4ED1}.Development Editor|Win64.Build.0 = Development_Editor|x64
		{0C88C2CD-CE58-411E-9D9D-F751C99D4ED1}.Development|Android.ActiveCfg = Android_Development|Win32
		{0C88C2CD-CE58-411E-9D9D-F751C99D4ED1}.Development|Android.Build.0 = Android_Development|Win32
		{0C88C2CD-CE58-411E-9D9D-F751C99D4ED1}.Development|Linux.ActiveCfg = Linux_Development|Win32
		{0C88C2CD-CE58-411E-9D9D-F751C99D4ED1}.Development|Linux.Build.0 = Linux_Development|Win32
		{0C88C2CD-CE58-411E-9D9D-F751C99D4ED1}.Development|LinuxAArch64.ActiveCfg = LinuxAArch64_Development|Win32
		{0C88C2CD-CE58-411E-9D9D-F751C99D4ED1}.Development|LinuxAArch64.Build.0 = LinuxAArch64_Development|Win32
		{0C88C2CD-CE58-411E-9D9D-F751C99D4ED1}.Development|Win32.ActiveCfg = Development|Win32
		{0C88C2CD-CE58-411E-9D9D-F751C99D4ED1}.Development|Win32.Build.0 = Development|Win32
		{0C88C2CD-CE58-411E-9D9D-F751C99D4ED1}.Development|Win64.ActiveCfg = Development|x64
		{0C88C2CD-CE58-411E-9D9D-F751C99D4ED1}.Development|Win64.Build.0 = Development|x64
		{0C88C2CD-CE58-411E-9D9D-F751C99D4ED1}.Shipping|Android.ActiveCfg = Android_Shipping|Win32
		{0C88C2CD-CE58-411E-9D9D-F751C99D4ED1}.Shipping|Android.Build.0 = Android_Shipping|Win32
		{0C88C2CD-CE58-411E-9D9D-F751C99D4ED1}.Shipping|Linux.ActiveCfg = Linux_Shipping|Win32
		{0C88C2CD-CE58-411E-9D9D-F751C99D4ED1}.Shipping|Linux.Build.0 = Linux_Shipping|Win32
		{0C88C2CD-CE58-411E-9D9D-F751C99D4ED1}.Shipping|LinuxAArch64.ActiveCfg = LinuxAArch64_Shipping|Win32
		{0C88C2CD-CE58-411E-9D9D-F751C99D4ED1}.Shipping|LinuxAArch64.Build.0 = LinuxAArch64_Shipping|Win32
		{0C88C2CD-CE58-411E-9D9D-F751C99D4ED1}.Shipping|Win32.ActiveCfg = Shipping|Win32
		{0C88C2CD-CE58-411E-9D9D-F751C99D4ED1}.Shipping|Win32.Build.0 = Shipping|Win32
		{0C88C2CD-CE58-411E-9D9D-F751C99D4ED1}.Shipping|Win64.ActiveCfg = Shipping|x64
		{0C88C2CD-CE58-411E-9D9D-F751C99D4ED1}.Shipping|Win64.Build.0 = Shipping|x64
		{5A5A95A9-B6C3-4295-92B4-08C02A28D581}.DebugGame Editor|Android.ActiveCfg = BuiltWithUnrealBuildTool|Win32
		{5A5A95A9-B6C3-4295-92B4-08C02A28D581}.DebugGame Editor|Linux.ActiveCfg = BuiltWithUnrealBuildTool|Win32
		{5A5A95A9-B6C3-4295-92B4-08C02A28D581}.DebugGame Editor|LinuxAArch64.ActiveCfg = BuiltWithUnrealBuildTool|Win32
		{5A5A95A9-B6C3-4295-92B4-08C02A28D581}.DebugGame Editor|Win32.ActiveCfg = BuiltWithUnrealBuildTool|Win32
		{5A5A95A9-B6C3-4295-92B4-08C02A28D581}.DebugGame Editor|Win64.ActiveCfg = BuiltWithUnrealBuildTool|Win32
		{5A5A95A9-B6C3-4295-92B4-08C02A28D581}.DebugGame|Android.ActiveCfg = BuiltWithUnrealBuildTool|Win32
		{5A5A95A9-B6C3-4295-92B4-08C02A28D581}.DebugGame|Linux.ActiveCfg = BuiltWithUnrealBuildTool|Win32
		{5A5A95A9-B6C3-4295-92B4-08C02A28D581}.DebugGame|LinuxAArch64.ActiveCfg = BuiltWithUnrealBuildTool|Win32
		{5A5A95A9-B6C3-4295-92B4-08C02A28D581}.DebugGame|Win32.ActiveCfg = BuiltWithUnrealBuildTool|Win32
		{5A5A95A9-B6C3-4295-92B4-08C02A28D581}.DebugGame|Win64.ActiveCfg = BuiltWithUnrealBuildTool|Win32
		{5A5A95A9-B6C3-4295-92B4-08C02A28D581}.Development Editor|Android.ActiveCfg = BuiltWithUnrealBuildTool|Win32
		{5A5A95A9-B6C3-4295-92B4-08C02A28D581}.Development Editor|Linux.ActiveCfg = BuiltWithUnrealBuildTool|Win32
		{5A5A95A9-B6C3-4295-92B4-08C02A28D581}.Development Editor|LinuxAArch64.ActiveCfg = BuiltWithUnrealBuildTool|Win32
		{5A5A95A9-B6C3-4295-92B4-08C02A28D581}.Development Editor|Win32.ActiveCfg = BuiltWithUnrealBuildTool|Win32
		{5A5A95A9-B6C3-4295-92B4-08C02A28D581}.Development Editor|Win64.ActiveCfg = BuiltWithUnrealBuildTool|Win32
		{5A5A95A9-B6C3-4295-92B4-08C02A28D581}.Development|Android.ActiveCfg = BuiltWithUnrealBuildTool|Win32
		{5A5A95A9-B6C3-4295-92B4-08C02A28D581}.Development|Linux.ActiveCfg = BuiltWithUnrealBuildTool|Win32
		{5A5A95A9-B6C3-4295-92B4-08C02A28D581}.Development|LinuxAArch64.ActiveCfg = BuiltWithUnrealBuildTool|Win32
		{5A5A95A9-B6C3-4295-92B4-08C02A28D581}.Development|Win32.ActiveCfg = BuiltWithUnrealBuildTool|Win32
		{5A5A95A9-B6C3-4295-92B4-08C02A28D581}.Development|Win64.ActiveCfg = BuiltWithUnrealBuildTool|Win32
		{5A5A95A9-B6C3-4295-92B4-08C02A28D581}.Shipping|Android.ActiveCfg = BuiltWithUnrealBuildTool|Win32
		{5A5A95A9-B6C3-4295-92B4-08C02A28D581}.Shipping|Linux.ActiveCfg = BuiltWithUnrealBuildTool|Win32
		{5A5A95A9-B6C3-4295-92B4-08C02A28D581}.Shipping|LinuxAArch64.ActiveCfg = BuiltWithUnrealBuildTool|Win32
		{5A5A95A9-B6C3-4295-92B4-08C02A28D581}.Shipping|Win32.ActiveCfg = BuiltWithUnrealBuildTool|Win32
		{5A5A95A9-B6C3-4295-92B4-08C02A28D581}.Shipping|Win64.ActiveCfg = BuiltWithUnrealBuildTool|Win32
	EndGlobalSection
	GlobalSection(SolutionProperties) = preSolution
		HideSolutionNode = FALSE
	EndGlobalSection
	GlobalSection(NestedProjects) = preSolution
		{5A5A95A9-B6C3-4295-92B4-08C02A28D581} = {94A6C6F3-99B3-346E-9557-ABF9D4064DBD}
		{0C88C2CD-CE58-411E-9D9D-F751C99D4ED1} = {8E2F6A87-1826-34F4-940C-CC23A48F9FE4}
	EndGlobalSection
EndGlobal
